// !$*UTF8*$!
{
	archiveVersion = 1;
	classes = {
	};
	objectVersion = 46;
	objects = {

/* Begin PBXBuildFile section */
		D94517951B33E1A600168CE4 /* Images.xcassets in Resources */ = {isa = PBXBuildFile; fileRef = D94517941B33E1A600168CE4 /* Images.xcassets */; };
		D94517981B33E1A600168CE4 /* LaunchScreen.xib in Resources */ = {isa = PBXBuildFile; fileRef = D94517961B33E1A600168CE4 /* LaunchScreen.xib */; };
		D94517A41B33E1A600168CE4 /* LockboxTests.swift in Sources */ = {isa = PBXBuildFile; fileRef = D94517A31B33E1A600168CE4 /* LockboxTests.swift */; };
		D94517B31B33E41900168CE4 /* LockboxViewCell.swift in Sources */ = {isa = PBXBuildFile; fileRef = D94517AD1B33E41900168CE4 /* LockboxViewCell.swift */; };
		D94517B41B33E41900168CE4 /* boxInfoTableViewController.swift in Sources */ = {isa = PBXBuildFile; fileRef = D94517AE1B33E41900168CE4 /* boxInfoTableViewController.swift */; };
		D94517B51B33E41900168CE4 /* BoxInfoViewCell.swift in Sources */ = {isa = PBXBuildFile; fileRef = D94517AF1B33E41900168CE4 /* BoxInfoViewCell.swift */; };
		D94517B61B33E41900168CE4 /* Lockbox.swift in Sources */ = {isa = PBXBuildFile; fileRef = D94517B01B33E41900168CE4 /* Lockbox.swift */; };
		D94517B71B33E41900168CE4 /* LockboxViewController.swift in Sources */ = {isa = PBXBuildFile; fileRef = D94517B11B33E41900168CE4 /* LockboxViewController.swift */; };
		D94517B81B33E41900168CE4 /* AppDelegate.swift in Sources */ = {isa = PBXBuildFile; fileRef = D94517B21B33E41900168CE4 /* AppDelegate.swift */; };
		D94517BE1B34E0E800168CE4 /* LockboxMain.storyboard in Resources */ = {isa = PBXBuildFile; fileRef = D94517BC1B34E0E800168CE4 /* LockboxMain.storyboard */; };
		D97B00871B3CCB70000302B2 /* QuartzCore.framework in Frameworks */ = {isa = PBXBuildFile; fileRef = D97B00861B3CCB70000302B2 /* QuartzCore.framework */; settings = {ATTRIBUTES = (Required, ); }; };
		D97B008D1B3CCBD4000302B2 /* LXReorderableCollectionViewFlowLayout.m in Sources */ = {isa = PBXBuildFile; fileRef = D97B008C1B3CCBD4000302B2 /* LXReorderableCollectionViewFlowLayout.m */; };
		D97B00911B3E1BA7000302B2 /* PasswordViewController.swift in Sources */ = {isa = PBXBuildFile; fileRef = D97B00901B3E1BA7000302B2 /* PasswordViewController.swift */; };
		D9942B341B3A70520029DD3F /* defaultKeyImage.png in Resources */ = {isa = PBXBuildFile; fileRef = D9942B331B3A70520029DD3F /* defaultKeyImage.png */; };
		D9942B361B3B8E070029DD3F /* myAddIcon.png in Resources */ = {isa = PBXBuildFile; fileRef = D9942B351B3B8E070029DD3F /* myAddIcon.png */; };
/* End PBXBuildFile section */

/* Begin PBXContainerItemProxy section */
		D945179E1B33E1A600168CE4 /* PBXContainerItemProxy */ = {
			isa = PBXContainerItemProxy;
			containerPortal = D94517801B33E1A500168CE4 /* Project object */;
			proxyType = 1;
			remoteGlobalIDString = D94517871B33E1A500168CE4;
			remoteInfo = Lockbox;
		};
/* End PBXContainerItemProxy section */

/* Begin PBXFileReference section */
		D94517881B33E1A500168CE4 /* Lockbox.app */ = {isa = PBXFileReference; explicitFileType = wrapper.application; includeInIndex = 0; path = Lockbox.app; sourceTree = BUILT_PRODUCTS_DIR; };
		D945178C1B33E1A500168CE4 /* Info.plist */ = {isa = PBXFileReference; lastKnownFileType = text.plist.xml; path = Info.plist; sourceTree = "<group>"; };
		D94517941B33E1A600168CE4 /* Images.xcassets */ = {isa = PBXFileReference; lastKnownFileType = folder.assetcatalog; path = Images.xcassets; sourceTree = "<group>"; };
		D94517971B33E1A600168CE4 /* Base */ = {isa = PBXFileReference; lastKnownFileType = file.xib; name = Base; path = Base.lproj/LaunchScreen.xib; sourceTree = "<group>"; };
		D945179D1B33E1A600168CE4 /* LockboxTests.xctest */ = {isa = PBXFileReference; explicitFileType = wrapper.cfbundle; includeInIndex = 0; path = LockboxTests.xctest; sourceTree = BUILT_PRODUCTS_DIR; };
		D94517A21B33E1A600168CE4 /* Info.plist */ = {isa = PBXFileReference; lastKnownFileType = text.plist.xml; path = Info.plist; sourceTree = "<group>"; };
		D94517A31B33E1A600168CE4 /* LockboxTests.swift */ = {isa = PBXFileReference; lastKnownFileType = sourcecode.swift; path = LockboxTests.swift; sourceTree = "<group>"; };
		D94517AD1B33E41900168CE4 /* LockboxViewCell.swift */ = {isa = PBXFileReference; fileEncoding = 4; lastKnownFileType = sourcecode.swift; path = LockboxViewCell.swift; sourceTree = "<group>"; };
		D94517AE1B33E41900168CE4 /* boxInfoTableViewController.swift */ = {isa = PBXFileReference; fileEncoding = 4; lastKnownFileType = sourcecode.swift; path = boxInfoTableViewController.swift; sourceTree = "<group>"; };
		D94517AF1B33E41900168CE4 /* BoxInfoViewCell.swift */ = {isa = PBXFileReference; fileEncoding = 4; lastKnownFileType = sourcecode.swift; path = BoxInfoViewCell.swift; sourceTree = "<group>"; };
		D94517B01B33E41900168CE4 /* Lockbox.swift */ = {isa = PBXFileReference; fileEncoding = 4; lastKnownFileType = sourcecode.swift; path = Lockbox.swift; sourceTree = "<group>"; };
		D94517B11B33E41900168CE4 /* LockboxViewController.swift */ = {isa = PBXFileReference; fileEncoding = 4; lastKnownFileType = sourcecode.swift; path = LockboxViewController.swift; sourceTree = "<group>"; };
		D94517B21B33E41900168CE4 /* AppDelegate.swift */ = {isa = PBXFileReference; fileEncoding = 4; lastKnownFileType = sourcecode.swift; path = AppDelegate.swift; sourceTree = "<group>"; };
		D94517BD1B34E0E800168CE4 /* Base */ = {isa = PBXFileReference; lastKnownFileType = file.storyboard; name = Base; path = Base.lproj/LockboxMain.storyboard; sourceTree = "<group>"; };
		D97B00861B3CCB70000302B2 /* QuartzCore.framework */ = {isa = PBXFileReference; lastKnownFileType = wrapper.framework; name = QuartzCore.framework; path = System/Library/Frameworks/QuartzCore.framework; sourceTree = SDKROOT; };
		D97B008A1B3CCBD4000302B2 /* Lockbox-Bridging-Header.h */ = {isa = PBXFileReference; lastKnownFileType = sourcecode.c.h; path = "Lockbox-Bridging-Header.h"; sourceTree = "<group>"; };
		D97B008B1B3CCBD4000302B2 /* LXReorderableCollectionViewFlowLayout.h */ = {isa = PBXFileReference; fileEncoding = 4; lastKnownFileType = sourcecode.c.h; path = LXReorderableCollectionViewFlowLayout.h; sourceTree = "<group>"; };
		D97B008C1B3CCBD4000302B2 /* LXReorderableCollectionViewFlowLayout.m */ = {isa = PBXFileReference; fileEncoding = 4; lastKnownFileType = sourcecode.c.objc; path = LXReorderableCollectionViewFlowLayout.m; sourceTree = "<group>"; };
		D97B00901B3E1BA7000302B2 /* PasswordViewController.swift */ = {isa = PBXFileReference; fileEncoding = 4; lastKnownFileType = sourcecode.swift; path = PasswordViewController.swift; sourceTree = "<group>"; };
		D9942B331B3A70520029DD3F /* defaultKeyImage.png */ = {isa = PBXFileReference; lastKnownFileType = image.png; path = defaultKeyImage.png; sourceTree = "<group>"; };
		D9942B351B3B8E070029DD3F /* myAddIcon.png */ = {isa = PBXFileReference; lastKnownFileType = image.png; path = myAddIcon.png; sourceTree = "<group>"; };
/* End PBXFileReference section */

/* Begin PBXFrameworksBuildPhase section */
		D94517851B33E1A500168CE4 /* Frameworks */ = {
			isa = PBXFrameworksBuildPhase;
			buildActionMask = 2147483647;
			files = (
				D97B00871B3CCB70000302B2 /* QuartzCore.framework in Frameworks */,
			);
			runOnlyForDeploymentPostprocessing = 0;
		};
		D945179A1B33E1A600168CE4 /* Frameworks */ = {
			isa = PBXFrameworksBuildPhase;
			buildActionMask = 2147483647;
			files = (
			);
			runOnlyForDeploymentPostprocessing = 0;
		};
/* End PBXFrameworksBuildPhase section */

/* Begin PBXGroup section */
		D945177F1B33E1A500168CE4 = {
			isa = PBXGroup;
			children = (
				D945178A1B33E1A500168CE4 /* Lockbox */,
				D94517891B33E1A500168CE4 /* Products */,
				D97B00881B3CCB76000302B2 /* Framework */,
				D94517A01B33E1A600168CE4 /* LockboxTests */,
			);
			sourceTree = "<group>";
		};
		D94517891B33E1A500168CE4 /* Products */ = {
			isa = PBXGroup;
			children = (
				D94517881B33E1A500168CE4 /* Lockbox.app */,
				D945179D1B33E1A600168CE4 /* LockboxTests.xctest */,
			);
			name = Products;
			sourceTree = "<group>";
		};
		D945178A1B33E1A500168CE4 /* Lockbox */ = {
			isa = PBXGroup;
			children = (
				D94517B21B33E41900168CE4 /* AppDelegate.swift */,
				D94517BC1B34E0E800168CE4 /* LockboxMain.storyboard */,
				D94517B11B33E41900168CE4 /* LockboxViewController.swift */,
				D94517AD1B33E41900168CE4 /* LockboxViewCell.swift */,
				D94517AE1B33E41900168CE4 /* boxInfoTableViewController.swift */,
				D94517AF1B33E41900168CE4 /* BoxInfoViewCell.swift */,
				D97B00901B3E1BA7000302B2 /* PasswordViewController.swift */,
				D94517B01B33E41900168CE4 /* Lockbox.swift */,
				D945178B1B33E1A500168CE4 /* Supporting Files */,
				D97B00891B3CCBA2000302B2 /* Library */,
			);
			path = Lockbox;
			sourceTree = "<group>";
		};
		D945178B1B33E1A500168CE4 /* Supporting Files */ = {
			isa = PBXGroup;
			children = (
				D9942B331B3A70520029DD3F /* defaultKeyImage.png */,
				D9942B351B3B8E070029DD3F /* myAddIcon.png */,
				D94517941B33E1A600168CE4 /* Images.xcassets */,
				D94517961B33E1A600168CE4 /* LaunchScreen.xib */,
				D945178C1B33E1A500168CE4 /* Info.plist */,
			);
			name = "Supporting Files";
			sourceTree = "<group>";
		};
		D94517A01B33E1A600168CE4 /* LockboxTests */ = {
			isa = PBXGroup;
			children = (
				D94517A31B33E1A600168CE4 /* LockboxTests.swift */,
				D94517A11B33E1A600168CE4 /* Supporting Files */,
			);
			path = LockboxTests;
			sourceTree = "<group>";
		};
		D94517A11B33E1A600168CE4 /* Supporting Files */ = {
			isa = PBXGroup;
			children = (
				D94517A21B33E1A600168CE4 /* Info.plist */,
			);
			name = "Supporting Files";
			sourceTree = "<group>";
		};
		D97B00881B3CCB76000302B2 /* Framework */ = {
			isa = PBXGroup;
			children = (
				D97B00861B3CCB70000302B2 /* QuartzCore.framework */,
			);
			name = Framework;
			sourceTree = "<group>";
		};
		D97B00891B3CCBA2000302B2 /* Library */ = {
			isa = PBXGroup;
			children = (
				D97B008B1B3CCBD4000302B2 /* LXReorderableCollectionViewFlowLayout.h */,
				D97B008C1B3CCBD4000302B2 /* LXReorderableCollectionViewFlowLayout.m */,
				D97B008A1B3CCBD4000302B2 /* Lockbox-Bridging-Header.h */,
			);
			name = Library;
			path = ..;
			sourceTree = "<group>";
		};
/* End PBXGroup section */

/* Begin PBXNativeTarget section */
		D94517871B33E1A500168CE4 /* Lockbox */ = {
			isa = PBXNativeTarget;
			buildConfigurationList = D94517A71B33E1A600168CE4 /* Build configuration list for PBXNativeTarget "Lockbox" */;
			buildPhases = (
				D94517841B33E1A500168CE4 /* Sources */,
				D94517851B33E1A500168CE4 /* Frameworks */,
				D94517861B33E1A500168CE4 /* Resources */,
			);
			buildRules = (
			);
			dependencies = (
			);
			name = Lockbox;
			productName = Lockbox;
			productReference = D94517881B33E1A500168CE4 /* Lockbox.app */;
			productType = "com.apple.product-type.application";
		};
		D945179C1B33E1A600168CE4 /* LockboxTests */ = {
			isa = PBXNativeTarget;
			buildConfigurationList = D94517AA1B33E1A600168CE4 /* Build configuration list for PBXNativeTarget "LockboxTests" */;
			buildPhases = (
				D94517991B33E1A600168CE4 /* Sources */,
				D945179A1B33E1A600168CE4 /* Frameworks */,
				D945179B1B33E1A600168CE4 /* Resources */,
			);
			buildRules = (
			);
			dependencies = (
				D945179F1B33E1A600168CE4 /* PBXTargetDependency */,
			);
			name = LockboxTests;
			productName = LockboxTests;
			productReference = D945179D1B33E1A600168CE4 /* LockboxTests.xctest */;
			productType = "com.apple.product-type.bundle.unit-test";
		};
/* End PBXNativeTarget section */

/* Begin PBXProject section */
		D94517801B33E1A500168CE4 /* Project object */ = {
			isa = PBXProject;
			attributes = {
				LastUpgradeCheck = 0630;
				ORGANIZATIONNAME = XunGong;
				TargetAttributes = {
					D94517871B33E1A500168CE4 = {
						CreatedOnToolsVersion = 6.3.2;
						DevelopmentTeam = UEY2JVZLMQ;
					};
					D945179C1B33E1A600168CE4 = {
						CreatedOnToolsVersion = 6.3.2;
						TestTargetID = D94517871B33E1A500168CE4;
					};
				};
			};
			buildConfigurationList = D94517831B33E1A500168CE4 /* Build configuration list for PBXProject "Lockbox" */;
			compatibilityVersion = "Xcode 3.2";
			developmentRegion = English;
			hasScannedForEncodings = 0;
			knownRegions = (
				en,
				Base,
			);
			mainGroup = D945177F1B33E1A500168CE4;
			productRefGroup = D94517891B33E1A500168CE4 /* Products */;
			projectDirPath = "";
			projectRoot = "";
			targets = (
				D94517871B33E1A500168CE4 /* Lockbox */,
				D945179C1B33E1A600168CE4 /* LockboxTests */,
			);
		};
/* End PBXProject section */

/* Begin PBXResourcesBuildPhase section */
		D94517861B33E1A500168CE4 /* Resources */ = {
			isa = PBXResourcesBuildPhase;
			buildActionMask = 2147483647;
			files = (
				D94517BE1B34E0E800168CE4 /* LockboxMain.storyboard in Resources */,
				D94517981B33E1A600168CE4 /* LaunchScreen.xib in Resources */,
				D94517951B33E1A600168CE4 /* Images.xcassets in Resources */,
				D9942B341B3A70520029DD3F /* defaultKeyImage.png in Resources */,
				D9942B361B3B8E070029DD3F /* myAddIcon.png in Resources */,
			);
			runOnlyForDeploymentPostprocessing = 0;
		};
		D945179B1B33E1A600168CE4 /* Resources */ = {
			isa = PBXResourcesBuildPhase;
			buildActionMask = 2147483647;
			files = (
			);
			runOnlyForDeploymentPostprocessing = 0;
		};
/* End PBXResourcesBuildPhase section */

/* Begin PBXSourcesBuildPhase section */
		D94517841B33E1A500168CE4 /* Sources */ = {
			isa = PBXSourcesBuildPhase;
			buildActionMask = 2147483647;
			files = (
				D94517B81B33E41900168CE4 /* AppDelegate.swift in Sources */,
				D97B00911B3E1BA7000302B2 /* PasswordViewController.swift in Sources */,
				D94517B51B33E41900168CE4 /* BoxInfoViewCell.swift in Sources */,
				D94517B41B33E41900168CE4 /* boxInfoTableViewController.swift in Sources */,
				D97B008D1B3CCBD4000302B2 /* LXReorderableCollectionViewFlowLayout.m in Sources */,
				D94517B71B33E41900168CE4 /* LockboxViewController.swift in Sources */,
				D94517B61B33E41900168CE4 /* Lockbox.swift in Sources */,
				D94517B31B33E41900168CE4 /* LockboxViewCell.swift in Sources */,
			);
			runOnlyForDeploymentPostprocessing = 0;
		};
		D94517991B33E1A600168CE4 /* Sources */ = {
			isa = PBXSourcesBuildPhase;
			buildActionMask = 2147483647;
			files = (
				D94517A41B33E1A600168CE4 /* LockboxTests.swift in Sources */,
			);
			runOnlyForDeploymentPostprocessing = 0;
		};
/* End PBXSourcesBuildPhase section */

/* Begin PBXTargetDependency section */
		D945179F1B33E1A600168CE4 /* PBXTargetDependency */ = {
			isa = PBXTargetDependency;
			target = D94517871B33E1A500168CE4 /* Lockbox */;
			targetProxy = D945179E1B33E1A600168CE4 /* PBXContainerItemProxy */;
		};
/* End PBXTargetDependency section */

/* Begin PBXVariantGroup section */
		D94517961B33E1A600168CE4 /* LaunchScreen.xib */ = {
			isa = PBXVariantGroup;
			children = (
				D94517971B33E1A600168CE4 /* Base */,
			);
			name = LaunchScreen.xib;
			sourceTree = "<group>";
		};
		D94517BC1B34E0E800168CE4 /* LockboxMain.storyboard */ = {
			isa = PBXVariantGroup;
			children = (
				D94517BD1B34E0E800168CE4 /* Base */,
			);
			name = LockboxMain.storyboard;
			sourceTree = "<group>";
		};
/* End PBXVariantGroup section */

/* Begin XCBuildConfiguration section */
		D94517A51B33E1A600168CE4 /* Debug */ = {
			isa = XCBuildConfiguration;
			buildSettings = {
				ALWAYS_SEARCH_USER_PATHS = NO;
				CLANG_CXX_LANGUAGE_STANDARD = "gnu++0x";
				CLANG_CXX_LIBRARY = "libc++";
				CLANG_ENABLE_MODULES = YES;
				CLANG_ENABLE_OBJC_ARC = YES;
				CLANG_WARN_BOOL_CONVERSION = YES;
				CLANG_WARN_CONSTANT_CONVERSION = YES;
				CLANG_WARN_DIRECT_OBJC_ISA_USAGE = YES_ERROR;
				CLANG_WARN_EMPTY_BODY = YES;
				CLANG_WARN_ENUM_CONVERSION = YES;
				CLANG_WARN_INT_CONVERSION = YES;
				CLANG_WARN_OBJC_ROOT_CLASS = YES_ERROR;
				CLANG_WARN_UNREACHABLE_CODE = YES;
				CLANG_WARN__DUPLICATE_METHOD_MATCH = YES;
				CODE_SIGN_IDENTITY = "iPhone Developer";
				"CODE_SIGN_IDENTITY[sdk=iphoneos*]" = "iPhone Developer";
				COPY_PHASE_STRIP = NO;
				DEBUG_INFORMATION_FORMAT = "dwarf-with-dsym";
				ENABLE_STRICT_OBJC_MSGSEND = YES;
				GCC_C_LANGUAGE_STANDARD = gnu99;
				GCC_DYNAMIC_NO_PIC = NO;
				GCC_NO_COMMON_BLOCKS = YES;
				GCC_OPTIMIZATION_LEVEL = 0;
				GCC_PREPROCESSOR_DEFINITIONS = (
					"DEBUG=1",
					"$(inherited)",
				);
				GCC_SYMBOLS_PRIVATE_EXTERN = NO;
				GCC_WARN_64_TO_32_BIT_CONVERSION = YES;
				GCC_WARN_ABOUT_RETURN_TYPE = YES_ERROR;
				GCC_WARN_UNDECLARED_SELECTOR = YES;
				GCC_WARN_UNINITIALIZED_AUTOS = YES_AGGRESSIVE;
				GCC_WARN_UNUSED_FUNCTION = YES;
				GCC_WARN_UNUSED_VARIABLE = YES;
				IPHONEOS_DEPLOYMENT_TARGET = 8.3;
				MTL_ENABLE_DEBUG_INFO = YES;
				ONLY_ACTIVE_ARCH = YES;
				SDKROOT = iphoneos;
				SWIFT_OPTIMIZATION_LEVEL = "-Onone";
				TARGETED_DEVICE_FAMILY = "1,2";
			};
			name = Debug;
		};
		D94517A61B33E1A600168CE4 /* Release */ = {
			isa = XCBuildConfiguration;
			buildSettings = {
				ALWAYS_SEARCH_USER_PATHS = NO;
				CLANG_CXX_LANGUAGE_STANDARD = "gnu++0x";
				CLANG_CXX_LIBRARY = "libc++";
				CLANG_ENABLE_MODULES = YES;
				CLANG_ENABLE_OBJC_ARC = YES;
				CLANG_WARN_BOOL_CONVERSION = YES;
				CLANG_WARN_CONSTANT_CONVERSION = YES;
				CLANG_WARN_DIRECT_OBJC_ISA_USAGE = YES_ERROR;
				CLANG_WARN_EMPTY_BODY = YES;
				CLANG_WARN_ENUM_CONVERSION = YES;
				CLANG_WARN_INT_CONVERSION = YES;
				CLANG_WARN_OBJC_ROOT_CLASS = YES_ERROR;
				CLANG_WARN_UNREACHABLE_CODE = YES;
				CLANG_WARN__DUPLICATE_METHOD_MATCH = YES;
				CODE_SIGN_IDENTITY = "iPhone Developer";
				"CODE_SIGN_IDENTITY[sdk=iphoneos*]" = "";
				COPY_PHASE_STRIP = NO;
				DEBUG_INFORMATION_FORMAT = "dwarf-with-dsym";
				ENABLE_NS_ASSERTIONS = NO;
				ENABLE_STRICT_OBJC_MSGSEND = YES;
				GCC_C_LANGUAGE_STANDARD = gnu99;
				GCC_NO_COMMON_BLOCKS = YES;
				GCC_WARN_64_TO_32_BIT_CONVERSION = YES;
				GCC_WARN_ABOUT_RETURN_TYPE = YES_ERROR;
				GCC_WARN_UNDECLARED_SELECTOR = YES;
				GCC_WARN_UNINITIALIZED_AUTOS = YES_AGGRESSIVE;
				GCC_WARN_UNUSED_FUNCTION = YES;
				GCC_WARN_UNUSED_VARIABLE = YES;
				IPHONEOS_DEPLOYMENT_TARGET = 8.3;
				MTL_ENABLE_DEBUG_INFO = NO;
				SDKROOT = iphoneos;
				TARGETED_DEVICE_FAMILY = "1,2";
				VALIDATE_PRODUCT = YES;
			};
			name = Release;
		};
		D94517A81B33E1A600168CE4 /* Debug */ = {
			isa = XCBuildConfiguration;
			buildSettings = {
				ASSETCATALOG_COMPILER_APPICON_NAME = AppIcon;
				CLANG_ENABLE_MODULES = YES;
				CODE_SIGN_IDENTITY = "iPhone Developer";
				INFOPLIST_FILE = Lockbox/Info.plist;
				LD_RUNPATH_SEARCH_PATHS = "$(inherited) @executable_path/Frameworks";
				PRODUCT_NAME = "$(TARGET_NAME)";
				SWIFT_OBJC_BRIDGING_HEADER = "Lockbox-Bridging-Header.h";
				SWIFT_OPTIMIZATION_LEVEL = "-Onone";
			};
			name = Debug;
		};
		D94517A91B33E1A600168CE4 /* Release */ = {
			isa = XCBuildConfiguration;
			buildSettings = {
				ASSETCATALOG_COMPILER_APPICON_NAME = AppIcon;
				CLANG_ENABLE_MODULES = YES;
				CODE_SIGN_IDENTITY = "iPhone Developer";
				INFOPLIST_FILE = Lockbox/Info.plist;
				LD_RUNPATH_SEARCH_PATHS = "$(inherited) @executable_path/Frameworks";
				PRODUCT_NAME = "$(TARGET_NAME)";
				SWIFT_OBJC_BRIDGING_HEADER = "Lockbox-Bridging-Header.h";
			};
			name = Release;
		};
		D94517AB1B33E1A600168CE4 /* Debug */ = {
			isa = XCBuildConfiguration;
			buildSettings = {
				BUNDLE_LOADER = "$(TEST_HOST)";
				FRAMEWORK_SEARCH_PATHS = (
					"$(SDKROOT)/Developer/Library/Frameworks",
					"$(inherited)",
				);
				GCC_PREPROCESSOR_DEFINITIONS = (
					"DEBUG=1",
					"$(inherited)",
				);
				INFOPLIST_FILE = LockboxTests/Info.plist;
				LD_RUNPATH_SEARCH_PATHS = "$(inherited) @executable_path/Frameworks @loader_path/Frameworks";
				PRODUCT_NAME = "$(TARGET_NAME)";
				TEST_HOST = "$(BUILT_PRODUCTS_DIR)/Lockbox.app/Lockbox";
			};
			name = Debug;
		};
		D94517AC1B33E1A600168CE4 /* Release */ = {
			isa = XCBuildConfiguration;
			buildSettings = {
				BUNDLE_LOADER = "$(TEST_HOST)";
				FRAMEWORK_SEARCH_PATHS = (
					"$(SDKROOT)/Developer/Library/Frameworks",
					"$(inherited)",
				);
				INFOPLIST_FILE = LockboxTests/Info.plist;
				LD_RUNPATH_SEARCH_PATHS = "$(inherited) @executable_path/Frameworks @loader_path/Frameworks";
				PRODUCT_NAME = "$(TARGET_NAME)";
				TEST_HOST = "$(BUILT_PRODUCTS_DIR)/Lockbox.app/Lockbox";
			};
			name = Release;
		};
/* End XCBuildConfiguration section */

/* Begin XCConfigurationList section */
		D94517831B33E1A500168CE4 /* Build configuration list for PBXProject "Lockbox" */ = {
			isa = XCConfigurationList;
			buildConfigurations = (
				D94517A51B33E1A600168CE4 /* Debug */,
				D94517A61B33E1A600168CE4 /* Release */,
			);
			defaultConfigurationIsVisible = 0;
			defaultConfigurationName = Release;
		};
		D94517A71B33E1A600168CE4 /* Build configuration list for PBXNativeTarget "Lockbox" */ = {
			isa = XCConfigurationList;
			buildConfigurations = (
				D94517A81B33E1A600168CE4 /* Debug */,
				D94517A91B33E1A600168CE4 /* Release */,
			);
			defaultConfigurationIsVisible = 0;
			defaultConfigurationName = Release;
		};
		D94517AA1B33E1A600168CE4 /* Build configuration list for PBXNativeTarget "LockboxTests" */ = {
			isa = XCConfigurationList;
			buildConfigurations = (
				D94517AB1B33E1A600168CE4 /* Debug */,
				D94517AC1B33E1A600168CE4 /* Release */,
			);
			defaultConfigurationIsVisible = 0;
			defaultConfigurationName = Release;
		};
/* End XCConfigurationList section */
	};
	rootObject = D94517801B33E1A500168CE4 /* Project object */;
}
