// !$*UTF8*$!
{
	archiveVersion = 1;
	classes = {
	};
	objectVersion = 46;
	objects = {

/* Begin PBXBuildFile section */
		D97AC6D51B325CD30081A120 /* boxInfoTableViewController.swift in Sources */ = {isa = PBXBuildFile; fileRef = D97AC6D41B325CD30081A120 /* boxInfoTableViewController.swift */; };
		D97AC6D71B325D2D0081A120 /* boxInfoViewCell.swift in Sources */ = {isa = PBXBuildFile; fileRef = D97AC6D61B325D2D0081A120 /* boxInfoViewCell.swift */; };
		D98187691B311F9C001C7C49 /* LockboxDetailViewController.swift in Sources */ = {isa = PBXBuildFile; fileRef = D98187681B311F9C001C7C49 /* LockboxDetailViewController.swift */; };
		D9BCACF61B3108AB001324B8 /* AppDelegate.swift in Sources */ = {isa = PBXBuildFile; fileRef = D9BCACF51B3108AB001324B8 /* AppDelegate.swift */; };
		D9BCACFB1B3108AB001324B8 /* Main.storyboard in Resources */ = {isa = PBXBuildFile; fileRef = D9BCACF91B3108AB001324B8 /* Main.storyboard */; };
		D9BCACFD1B3108AB001324B8 /* Images.xcassets in Resources */ = {isa = PBXBuildFile; fileRef = D9BCACFC1B3108AB001324B8 /* Images.xcassets */; };
		D9BCAD001B3108AB001324B8 /* LaunchScreen.xib in Resources */ = {isa = PBXBuildFile; fileRef = D9BCACFE1B3108AB001324B8 /* LaunchScreen.xib */; };
		D9BCAD161B310974001324B8 /* LockboxViewController.swift in Sources */ = {isa = PBXBuildFile; fileRef = D9BCAD151B310974001324B8 /* LockboxViewController.swift */; };
		D9BCAD181B310992001324B8 /* Lockbox.swift in Sources */ = {isa = PBXBuildFile; fileRef = D9BCAD171B310992001324B8 /* Lockbox.swift */; };
		D9BCAD1A1B310ACC001324B8 /* LockboxViewCell.swift in Sources */ = {isa = PBXBuildFile; fileRef = D9BCAD191B310ACC001324B8 /* LockboxViewCell.swift */; };
/* End PBXBuildFile section */

/* Begin PBXContainerItemProxy section */
		D9BCAD061B3108AB001324B8 /* PBXContainerItemProxy */ = {
			isa = PBXContainerItemProxy;
			containerPortal = D9BCACE81B3108AB001324B8 /* Project object */;
			proxyType = 1;
			remoteGlobalIDString = D9BCACEF1B3108AB001324B8;
			remoteInfo = Lockbox;
		};
/* End PBXContainerItemProxy section */

/* Begin PBXFileReference section */
		D97AC6D41B325CD30081A120 /* boxInfoTableViewController.swift */ = {isa = PBXFileReference; fileEncoding = 4; lastKnownFileType = sourcecode.swift; path = boxInfoTableViewController.swift; sourceTree = "<group>"; };
		D97AC6D61B325D2D0081A120 /* boxInfoViewCell.swift */ = {isa = PBXFileReference; fileEncoding = 4; lastKnownFileType = sourcecode.swift; path = boxInfoViewCell.swift; sourceTree = "<group>"; };
		D98187681B311F9C001C7C49 /* LockboxDetailViewController.swift */ = {isa = PBXFileReference; fileEncoding = 4; lastKnownFileType = sourcecode.swift; path = LockboxDetailViewController.swift; sourceTree = "<group>"; };
		D9BCACF01B3108AB001324B8 /* Lockbox.app */ = {isa = PBXFileReference; explicitFileType = wrapper.application; includeInIndex = 0; path = Lockbox.app; sourceTree = BUILT_PRODUCTS_DIR; };
		D9BCACF41B3108AB001324B8 /* Info.plist */ = {isa = PBXFileReference; lastKnownFileType = text.plist.xml; path = Info.plist; sourceTree = "<group>"; };
		D9BCACF51B3108AB001324B8 /* AppDelegate.swift */ = {isa = PBXFileReference; lastKnownFileType = sourcecode.swift; path = AppDelegate.swift; sourceTree = "<group>"; };
		D9BCACFA1B3108AB001324B8 /* Base */ = {isa = PBXFileReference; lastKnownFileType = file.storyboard; name = Base; path = Base.lproj/Main.storyboard; sourceTree = "<group>"; };
		D9BCACFC1B3108AB001324B8 /* Images.xcassets */ = {isa = PBXFileReference; lastKnownFileType = folder.assetcatalog; path = Images.xcassets; sourceTree = "<group>"; };
		D9BCACFF1B3108AB001324B8 /* Base */ = {isa = PBXFileReference; lastKnownFileType = file.xib; name = Base; path = Base.lproj/LaunchScreen.xib; sourceTree = "<group>"; };
		D9BCAD051B3108AB001324B8 /* LockboxTests.xctest */ = {isa = PBXFileReference; explicitFileType = wrapper.cfbundle; includeInIndex = 0; path = LockboxTests.xctest; sourceTree = BUILT_PRODUCTS_DIR; };
		D9BCAD151B310974001324B8 /* LockboxViewController.swift */ = {isa = PBXFileReference; fileEncoding = 4; lastKnownFileType = sourcecode.swift; path = LockboxViewController.swift; sourceTree = "<group>"; };
		D9BCAD171B310992001324B8 /* Lockbox.swift */ = {isa = PBXFileReference; fileEncoding = 4; lastKnownFileType = sourcecode.swift; path = Lockbox.swift; sourceTree = "<group>"; };
		D9BCAD191B310ACC001324B8 /* LockboxViewCell.swift */ = {isa = PBXFileReference; fileEncoding = 4; lastKnownFileType = sourcecode.swift; path = LockboxViewCell.swift; sourceTree = "<group>"; };
/* End PBXFileReference section */

/* Begin PBXFrameworksBuildPhase section */
		D9BCACED1B3108AB001324B8 /* Frameworks */ = {
			isa = PBXFrameworksBuildPhase;
			buildActionMask = 2147483647;
			files = (
			);
			runOnlyForDeploymentPostprocessing = 0;
		};
		D9BCAD021B3108AB001324B8 /* Frameworks */ = {
			isa = PBXFrameworksBuildPhase;
			buildActionMask = 2147483647;
			files = (
			);
			runOnlyForDeploymentPostprocessing = 0;
		};
/* End PBXFrameworksBuildPhase section */

/* Begin PBXGroup section */
		D97AC6D31B3238190081A120 /* LockboxTests */ = {
			isa = PBXGroup;
			children = (
			);
			name = LockboxTests;
			sourceTree = "<group>";
		};
		D9BCACE71B3108AB001324B8 = {
			isa = PBXGroup;
			children = (
				D9BCACF21B3108AB001324B8 /* Lockbox */,
				D97AC6D31B3238190081A120 /* LockboxTests */,
				D9BCACF11B3108AB001324B8 /* Products */,
			);
			sourceTree = "<group>";
		};
		D9BCACF11B3108AB001324B8 /* Products */ = {
			isa = PBXGroup;
			children = (
				D9BCACF01B3108AB001324B8 /* Lockbox.app */,
				D9BCAD051B3108AB001324B8 /* LockboxTests.xctest */,
			);
			name = Products;
			sourceTree = "<group>";
		};
		D9BCACF21B3108AB001324B8 /* Lockbox */ = {
			isa = PBXGroup;
			children = (
				D9BCAD151B310974001324B8 /* LockboxViewController.swift */,
				D97AC6D61B325D2D0081A120 /* boxInfoViewCell.swift */,
				D9BCAD191B310ACC001324B8 /* LockboxViewCell.swift */,
				D9BCAD171B310992001324B8 /* Lockbox.swift */,
				D98187681B311F9C001C7C49 /* LockboxDetailViewController.swift */,
				D97AC6D41B325CD30081A120 /* boxInfoTableViewController.swift */,
				D9BCACF91B3108AB001324B8 /* Main.storyboard */,
				D9BCACF31B3108AB001324B8 /* Supporting Files */,
			);
			path = Lockbox;
			sourceTree = "<group>";
		};
		D9BCACF31B3108AB001324B8 /* Supporting Files */ = {
			isa = PBXGroup;
			children = (
				D9BCACF51B3108AB001324B8 /* AppDelegate.swift */,
				D9BCACFE1B3108AB001324B8 /* LaunchScreen.xib */,
				D9BCACFC1B3108AB001324B8 /* Images.xcassets */,
				D9BCACF41B3108AB001324B8 /* Info.plist */,
			);
			name = "Supporting Files";
			sourceTree = "<group>";
		};
/* End PBXGroup section */

/* Begin PBXNativeTarget section */
		D9BCACEF1B3108AB001324B8 /* Lockbox */ = {
			isa = PBXNativeTarget;
			buildConfigurationList = D9BCAD0F1B3108AB001324B8 /* Build configuration list for PBXNativeTarget "Lockbox" */;
			buildPhases = (
				D9BCACEC1B3108AB001324B8 /* Sources */,
				D9BCACED1B3108AB001324B8 /* Frameworks */,
				D9BCACEE1B3108AB001324B8 /* Resources */,
			);
			buildRules = (
			);
			dependencies = (
			);
			name = Lockbox;
			productName = Lockbox;
			productReference = D9BCACF01B3108AB001324B8 /* Lockbox.app */;
			productType = "com.apple.product-type.application";
		};
		D9BCAD041B3108AB001324B8 /* LockboxTests */ = {
			isa = PBXNativeTarget;
			buildConfigurationList = D9BCAD121B3108AB001324B8 /* Build configuration list for PBXNativeTarget "LockboxTests" */;
			buildPhases = (
				D9BCAD011B3108AB001324B8 /* Sources */,
				D9BCAD021B3108AB001324B8 /* Frameworks */,
				D9BCAD031B3108AB001324B8 /* Resources */,
			);
			buildRules = (
			);
			dependencies = (
				D9BCAD071B3108AB001324B8 /* PBXTargetDependency */,
			);
			name = LockboxTests;
			productName = LockboxTests;
			productReference = D9BCAD051B3108AB001324B8 /* LockboxTests.xctest */;
			productType = "com.apple.product-type.bundle.unit-test";
		};
/* End PBXNativeTarget section */

/* Begin PBXProject section */
		D9BCACE81B3108AB001324B8 /* Project object */ = {
			isa = PBXProject;
			attributes = {
				LastUpgradeCheck = 0630;
				ORGANIZATIONNAME = XunGong;
				TargetAttributes = {
					D9BCACEF1B3108AB001324B8 = {
						CreatedOnToolsVersion = 6.3.2;
					};
					D9BCAD041B3108AB001324B8 = {
						CreatedOnToolsVersion = 6.3.2;
						TestTargetID = D9BCACEF1B3108AB001324B8;
					};
				};
			};
			buildConfigurationList = D9BCACEB1B3108AB001324B8 /* Build configuration list for PBXProject "Lockbox" */;
			compatibilityVersion = "Xcode 3.2";
			developmentRegion = English;
			hasScannedForEncodings = 0;
			knownRegions = (
				en,
				Base,
			);
			mainGroup = D9BCACE71B3108AB001324B8;
			productRefGroup = D9BCACF11B3108AB001324B8 /* Products */;
			projectDirPath = "";
			projectRoot = "";
			targets = (
				D9BCACEF1B3108AB001324B8 /* Lockbox */,
				D9BCAD041B3108AB001324B8 /* LockboxTests */,
			);
		};
/* End PBXProject section */

/* Begin PBXResourcesBuildPhase section */
		D9BCACEE1B3108AB001324B8 /* Resources */ = {
			isa = PBXResourcesBuildPhase;
			buildActionMask = 2147483647;
			files = (
				D9BCACFB1B3108AB001324B8 /* Main.storyboard in Resources */,
				D9BCAD001B3108AB001324B8 /* LaunchScreen.xib in Resources */,
				D9BCACFD1B3108AB001324B8 /* Images.xcassets in Resources */,
			);
			runOnlyForDeploymentPostprocessing = 0;
		};
		D9BCAD031B3108AB001324B8 /* Resources */ = {
			isa = PBXResourcesBuildPhase;
			buildActionMask = 2147483647;
			files = (
			);
			runOnlyForDeploymentPostprocessing = 0;
		};
/* End PBXResourcesBuildPhase section */

/* Begin PBXSourcesBuildPhase section */
		D9BCACEC1B3108AB001324B8 /* Sources */ = {
			isa = PBXSourcesBuildPhase;
			buildActionMask = 2147483647;
			files = (
				D97AC6D51B325CD30081A120 /* boxInfoTableViewController.swift in Sources */,
				D9BCACF61B3108AB001324B8 /* AppDelegate.swift in Sources */,
				D97AC6D71B325D2D0081A120 /* boxInfoViewCell.swift in Sources */,
				D9BCAD1A1B310ACC001324B8 /* LockboxViewCell.swift in Sources */,
				D98187691B311F9C001C7C49 /* LockboxDetailViewController.swift in Sources */,
				D9BCAD181B310992001324B8 /* Lockbox.swift in Sources */,
				D9BCAD161B310974001324B8 /* LockboxViewController.swift in Sources */,
			);
			runOnlyForDeploymentPostprocessing = 0;
		};
		D9BCAD011B3108AB001324B8 /* Sources */ = {
			isa = PBXSourcesBuildPhase;
			buildActionMask = 2147483647;
			files = (
			);
			runOnlyForDeploymentPostprocessing = 0;
		};
/* End PBXSourcesBuildPhase section */

/* Begin PBXTargetDependency section */
		D9BCAD071B3108AB001324B8 /* PBXTargetDependency */ = {
			isa = PBXTargetDependency;
			target = D9BCACEF1B3108AB001324B8 /* Lockbox */;
			targetProxy = D9BCAD061B3108AB001324B8 /* PBXContainerItemProxy */;
		};
/* End PBXTargetDependency section */

/* Begin PBXVariantGroup section */
		D9BCACF91B3108AB001324B8 /* Main.storyboard */ = {
			isa = PBXVariantGroup;
			children = (
				D9BCACFA1B3108AB001324B8 /* Base */,
			);
			name = Main.storyboard;
			sourceTree = "<group>";
		};
		D9BCACFE1B3108AB001324B8 /* LaunchScreen.xib */ = {
			isa = PBXVariantGroup;
			children = (
				D9BCACFF1B3108AB001324B8 /* Base */,
			);
			name = LaunchScreen.xib;
			sourceTree = "<group>";
		};
/* End PBXVariantGroup section */

/* Begin XCBuildConfiguration section */
		D9BCAD0D1B3108AB001324B8 /* Debug */ = {
			isa = XCBuildConfiguration;
			buildSettings = {
				ALWAYS_SEARCH_USER_PATHS = NO;
				CLANG_CXX_LANGUAGE_STANDARD = "gnu++0x";
				CLANG_CXX_LIBRARY = "libc++";
				CLANG_ENABLE_MODULES = YES;
				CLANG_ENABLE_OBJC_ARC = YES;
				CLANG_WARN_BOOL_CONVERSION = YES;
				CLANG_WARN_CONSTANT_CONVERSION = YES;
				CLANG_WARN_DIRECT_OBJC_ISA_USAGE = YES_ERROR;
				CLANG_WARN_EMPTY_BODY = YES;
				CLANG_WARN_ENUM_CONVERSION = YES;
				CLANG_WARN_INT_CONVERSION = YES;
				CLANG_WARN_OBJC_ROOT_CLASS = YES_ERROR;
				CLANG_WARN_UNREACHABLE_CODE = YES;
				CLANG_WARN__DUPLICATE_METHOD_MATCH = YES;
				"CODE_SIGN_IDENTITY[sdk=iphoneos*]" = "iPhone Developer";
				COPY_PHASE_STRIP = NO;
				DEBUG_INFORMATION_FORMAT = "dwarf-with-dsym";
				ENABLE_STRICT_OBJC_MSGSEND = YES;
				GCC_C_LANGUAGE_STANDARD = gnu99;
				GCC_DYNAMIC_NO_PIC = NO;
				GCC_NO_COMMON_BLOCKS = YES;
				GCC_OPTIMIZATION_LEVEL = 0;
				GCC_PREPROCESSOR_DEFINITIONS = (
					"DEBUG=1",
					"$(inherited)",
				);
				GCC_SYMBOLS_PRIVATE_EXTERN = NO;
				GCC_WARN_64_TO_32_BIT_CONVERSION = YES;
				GCC_WARN_ABOUT_RETURN_TYPE = YES_ERROR;
				GCC_WARN_UNDECLARED_SELECTOR = YES;
				GCC_WARN_UNINITIALIZED_AUTOS = YES_AGGRESSIVE;
				GCC_WARN_UNUSED_FUNCTION = YES;
				GCC_WARN_UNUSED_VARIABLE = YES;
				IPHONEOS_DEPLOYMENT_TARGET = 8.3;
				MTL_ENABLE_DEBUG_INFO = YES;
				ONLY_ACTIVE_ARCH = YES;
				SDKROOT = iphoneos;
				SWIFT_OPTIMIZATION_LEVEL = "-Onone";
				TARGETED_DEVICE_FAMILY = 2;
			};
			name = Debug;
		};
		D9BCAD0E1B3108AB001324B8 /* Release */ = {
			isa = XCBuildConfiguration;
			buildSettings = {
				ALWAYS_SEARCH_USER_PATHS = NO;
				CLANG_CXX_LANGUAGE_STANDARD = "gnu++0x";
				CLANG_CXX_LIBRARY = "libc++";
				CLANG_ENABLE_MODULES = YES;
				CLANG_ENABLE_OBJC_ARC = YES;
				CLANG_WARN_BOOL_CONVERSION = YES;
				CLANG_WARN_CONSTANT_CONVERSION = YES;
				CLANG_WARN_DIRECT_OBJC_ISA_USAGE = YES_ERROR;
				CLANG_WARN_EMPTY_BODY = YES;
				CLANG_WARN_ENUM_CONVERSION = YES;
				CLANG_WARN_INT_CONVERSION = YES;
				CLANG_WARN_OBJC_ROOT_CLASS = YES_ERROR;
				CLANG_WARN_UNREACHABLE_CODE = YES;
				CLANG_WARN__DUPLICATE_METHOD_MATCH = YES;
				"CODE_SIGN_IDENTITY[sdk=iphoneos*]" = "iPhone Developer";
				COPY_PHASE_STRIP = NO;
				DEBUG_INFORMATION_FORMAT = "dwarf-with-dsym";
				ENABLE_NS_ASSERTIONS = NO;
				ENABLE_STRICT_OBJC_MSGSEND = YES;
				GCC_C_LANGUAGE_STANDARD = gnu99;
				GCC_NO_COMMON_BLOCKS = YES;
				GCC_WARN_64_TO_32_BIT_CONVERSION = YES;
				GCC_WARN_ABOUT_RETURN_TYPE = YES_ERROR;
				GCC_WARN_UNDECLARED_SELECTOR = YES;
				GCC_WARN_UNINITIALIZED_AUTOS = YES_AGGRESSIVE;
				GCC_WARN_UNUSED_FUNCTION = YES;
				GCC_WARN_UNUSED_VARIABLE = YES;
				IPHONEOS_DEPLOYMENT_TARGET = 8.3;
				MTL_ENABLE_DEBUG_INFO = NO;
				SDKROOT = iphoneos;
				TARGETED_DEVICE_FAMILY = 2;
				VALIDATE_PRODUCT = YES;
			};
			name = Release;
		};
		D9BCAD101B3108AB001324B8 /* Debug */ = {
			isa = XCBuildConfiguration;
			buildSettings = {
				ASSETCATALOG_COMPILER_APPICON_NAME = AppIcon;
				INFOPLIST_FILE = Lockbox/Info.plist;
				LD_RUNPATH_SEARCH_PATHS = "$(inherited) @executable_path/Frameworks";
				PRODUCT_NAME = "$(TARGET_NAME)";
				TARGETED_DEVICE_FAMILY = "1,2";
			};
			name = Debug;
		};
		D9BCAD111B3108AB001324B8 /* Release */ = {
			isa = XCBuildConfiguration;
			buildSettings = {
				ASSETCATALOG_COMPILER_APPICON_NAME = AppIcon;
				INFOPLIST_FILE = Lockbox/Info.plist;
				LD_RUNPATH_SEARCH_PATHS = "$(inherited) @executable_path/Frameworks";
				PRODUCT_NAME = "$(TARGET_NAME)";
				TARGETED_DEVICE_FAMILY = "1,2";
			};
			name = Release;
		};
		D9BCAD131B3108AB001324B8 /* Debug */ = {
			isa = XCBuildConfiguration;
			buildSettings = {
				BUNDLE_LOADER = "$(TEST_HOST)";
				FRAMEWORK_SEARCH_PATHS = (
					"$(SDKROOT)/Developer/Library/Frameworks",
					"$(inherited)",
				);
				GCC_PREPROCESSOR_DEFINITIONS = (
					"DEBUG=1",
					"$(inherited)",
				);
				INFOPLIST_FILE = LockboxTests/Info.plist;
				LD_RUNPATH_SEARCH_PATHS = "$(inherited) @executable_path/Frameworks @loader_path/Frameworks";
				PRODUCT_NAME = "$(TARGET_NAME)";
				TEST_HOST = "$(BUILT_PRODUCTS_DIR)/Lockbox.app/Lockbox";
			};
			name = Debug;
		};
		D9BCAD141B3108AB001324B8 /* Release */ = {
			isa = XCBuildConfiguration;
			buildSettings = {
				BUNDLE_LOADER = "$(TEST_HOST)";
				FRAMEWORK_SEARCH_PATHS = (
					"$(SDKROOT)/Developer/Library/Frameworks",
					"$(inherited)",
				);
				INFOPLIST_FILE = LockboxTests/Info.plist;
				LD_RUNPATH_SEARCH_PATHS = "$(inherited) @executable_path/Frameworks @loader_path/Frameworks";
				PRODUCT_NAME = "$(TARGET_NAME)";
				TEST_HOST = "$(BUILT_PRODUCTS_DIR)/Lockbox.app/Lockbox";
			};
			name = Release;
		};
/* End XCBuildConfiguration section */

/* Begin XCConfigurationList section */
		D9BCACEB1B3108AB001324B8 /* Build configuration list for PBXProject "Lockbox" */ = {
			isa = XCConfigurationList;
			buildConfigurations = (
				D9BCAD0D1B3108AB001324B8 /* Debug */,
				D9BCAD0E1B3108AB001324B8 /* Release */,
			);
			defaultConfigurationIsVisible = 0;
			defaultConfigurationName = Release;
		};
		D9BCAD0F1B3108AB001324B8 /* Build configuration list for PBXNativeTarget "Lockbox" */ = {
			isa = XCConfigurationList;
			buildConfigurations = (
				D9BCAD101B3108AB001324B8 /* Debug */,
				D9BCAD111B3108AB001324B8 /* Release */,
			);
			defaultConfigurationIsVisible = 0;
			defaultConfigurationName = Release;
		};
		D9BCAD121B3108AB001324B8 /* Build configuration list for PBXNativeTarget "LockboxTests" */ = {
			isa = XCConfigurationList;
			buildConfigurations = (
				D9BCAD131B3108AB001324B8 /* Debug */,
				D9BCAD141B3108AB001324B8 /* Release */,
			);
			defaultConfigurationIsVisible = 0;
			defaultConfigurationName = Release;
		};
/* End XCConfigurationList section */
	};
	rootObject = D9BCACE81B3108AB001324B8 /* Project object */;
}
